
Microsoft Visual Studio Solution File, Format Version 12.00
# Visual Studio Version 17
VisualStudioVersion = 17.9.34728.123
MinimumVisualStudioVersion = 10.0.40219.1
Project("{FAE04EC0-301F-11D3-BF4B-00C04F79EFBC}") = "SmallEnergy", "SmallEnergy\SmallEnergy.csproj", "{5DE1EF81-8285-4B5E-BDD2-52CB8C477EF7}"
EndProject
Project("{FAE04EC0-301F-11D3-BF4B-00C04F79EFBC}") = "AccesPoint", "AccesPoint\AccesPoint.csproj", "{ECE41C55-7048-4B63-9084-B2A328EBC6C3}"
EndProject
Global
	GlobalSection(SolutionConfigurationPlatforms) = preSolution
		Debug|Any CPU = Debug|Any CPU
		Release|Any CPU = Release|Any CPU
	EndGlobalSection
	GlobalSection(ProjectConfigurationPlatforms) = postSolution
		{5DE1EF81-8285-4B5E-BDD2-52CB8C477EF7}.Debug|Any CPU.ActiveCfg = Debug|Any CPU
		{5DE1EF81-8285-4B5E-BDD2-52CB8C477EF7}.Debug|Any CPU.Build.0 = Debug|Any CPU
		{5DE1EF81-8285-4B5E-BDD2-52CB8C477EF7}.Release|Any CPU.ActiveCfg = Release|Any CPU
		{5DE1EF81-8285-4B5E-BDD2-52CB8C477EF7}.Release|Any CPU.Build.0 = Release|Any CPU
		{ECE41C55-7048-4B63-9084-B2A328EBC6C3}.Debug|Any CPU.ActiveCfg = Debug|Any CPU
		{ECE41C55-7048-4B63-9084-B2A328EBC6C3}.Debug|Any CPU.Build.0 = Debug|Any CPU
		{ECE41C55-7048-4B63-9084-B2A328EBC6C3}.Release|Any CPU.ActiveCfg = Release|Any CPU
		{ECE41C55-7048-4B63-9084-B2A328EBC6C3}.Release|Any CPU.Build.0 = Release|Any CPU
	EndGlobalSection
	GlobalSection(SolutionProperties) = preSolution
		HideSolutionNode = FALSE
	EndGlobalSection
	GlobalSection(ExtensibilityGlobals) = postSolution
		SolutionGuid = {89E9063C-1AC0-4B37-8E80-BFA1BC8535ED}
	EndGlobalSection
EndGlobal
